
Microsoft Visual Studio Solution File, Format Version 12.00
# Visual Studio 15
VisualStudioVersion = 15.0.27703.2047
MinimumVisualStudioVersion = 10.0.40219.1
Project("{FAE04EC0-301F-11D3-BF4B-00C04F79EFBC}") = "uyg_03", "uyg_03\uyg_03.csproj", "{3DCA25D6-4609-4537-9352-FA87C6555AD2}"
EndProject
Global
	GlobalSection(SolutionConfigurationPlatforms) = preSolution
		Debug|Any CPU = Debug|Any CPU
		Release|Any CPU = Release|Any CPU
	EndGlobalSection
	GlobalSection(ProjectConfigurationPlatforms) = postSolution
		{3DCA25D6-4609-4537-9352-FA87C6555AD2}.Debug|Any CPU.ActiveCfg = Debug|Any CPU
		{3DCA25D6-4609-4537-9352-FA87C6555AD2}.Debug|Any CPU.Build.0 = Debug|Any CPU
		{3DCA25D6-4609-4537-9352-FA87C6555AD2}.Release|Any CPU.ActiveCfg = Release|Any CPU
		{3DCA25D6-4609-4537-9352-FA87C6555AD2}.Release|Any CPU.Build.0 = Release|Any CPU
	EndGlobalSection
	GlobalSection(SolutionProperties) = preSolution
		HideSolutionNode = FALSE
	EndGlobalSection
	GlobalSection(ExtensibilityGlobals) = postSolution
		SolutionGuid = {3AD0FFFB-6AA2-4254-8669-8DEB82F654AA}
	EndGlobalSection
EndGlobal
