
Microsoft Visual Studio Solution File, Format Version 12.00
# Visual Studio 15
VisualStudioVersion = 15.0.27703.2047
MinimumVisualStudioVersion = 10.0.40219.1
Project("{FAE04EC0-301F-11D3-BF4B-00C04F79EFBC}") = "uyg_01", "uyg_01\uyg_01.csproj", "{BF5449B4-E019-4B26-9BCA-4D86E5289DCF}"
EndProject
Global
	GlobalSection(SolutionConfigurationPlatforms) = preSolution
		Debug|Any CPU = Debug|Any CPU
		Release|Any CPU = Release|Any CPU
	EndGlobalSection
	GlobalSection(ProjectConfigurationPlatforms) = postSolution
		{BF5449B4-E019-4B26-9BCA-4D86E5289DCF}.Debug|Any CPU.ActiveCfg = Debug|Any CPU
		{BF5449B4-E019-4B26-9BCA-4D86E5289DCF}.Debug|Any CPU.Build.0 = Debug|Any CPU
		{BF5449B4-E019-4B26-9BCA-4D86E5289DCF}.Release|Any CPU.ActiveCfg = Release|Any CPU
		{BF5449B4-E019-4B26-9BCA-4D86E5289DCF}.Release|Any CPU.Build.0 = Release|Any CPU
	EndGlobalSection
	GlobalSection(SolutionProperties) = preSolution
		HideSolutionNode = FALSE
	EndGlobalSection
	GlobalSection(ExtensibilityGlobals) = postSolution
		SolutionGuid = {EFB6F45B-F491-4F1B-B5A3-3D2AFE319EB2}
	EndGlobalSection
EndGlobal
